
Microsoft Visual Studio Solution File, Format Version 12.00
# Visual Studio 14
VisualStudioVersion = 14.0.23107.0
MinimumVisualStudioVersion = 10.0.40219.1
Project("{8BC9CEB8-8B4A-11D0-8D11-00A0C91BC942}") = "LinkedList", "LinkedList\LinkedList.vcxproj", "{7B0FCD96-1549-49B6-9FD5-4DC4F221901D}"
EndProject
Project("{8BC9CEB8-8B4A-11D0-8D11-00A0C91BC942}") = "Pointers", "Pointers\Pointers.vcxproj", "{39430202-9118-4A5D-8DDF-1E097C28BC92}"
EndProject
Project("{8BC9CEB8-8B4A-11D0-8D11-00A0C91BC942}") = "Generics", "Generics\Generics.vcxproj", "{08DAAA18-C0FD-44C5-A430-217BD319E36C}"
EndProject
Project("{8BC9CEB8-8B4A-11D0-8D11-00A0C91BC942}") = "Misc", "Misc\Misc.vcxproj", "{A5A810BB-55E9-4597-9B9E-BF679D41FFEB}"
EndProject
Global
	GlobalSection(SolutionConfigurationPlatforms) = preSolution
		Debug|x64 = Debug|x64
		Debug|x86 = Debug|x86
		Release|x64 = Release|x64
		Release|x86 = Release|x86
	EndGlobalSection
	GlobalSection(ProjectConfigurationPlatforms) = postSolution
		{7B0FCD96-1549-49B6-9FD5-4DC4F221901D}.Debug|x64.ActiveCfg = Debug|x64
		{7B0FCD96-1549-49B6-9FD5-4DC4F221901D}.Debug|x64.Build.0 = Debug|x64
		{7B0FCD96-1549-49B6-9FD5-4DC4F221901D}.Debug|x86.ActiveCfg = Debug|Win32
		{7B0FCD96-1549-49B6-9FD5-4DC4F221901D}.Debug|x86.Build.0 = Debug|Win32
		{7B0FCD96-1549-49B6-9FD5-4DC4F221901D}.Release|x64.ActiveCfg = Release|x64
		{7B0FCD96-1549-49B6-9FD5-4DC4F221901D}.Release|x64.Build.0 = Release|x64
		{7B0FCD96-1549-49B6-9FD5-4DC4F221901D}.Release|x86.ActiveCfg = Release|Win32
		{7B0FCD96-1549-49B6-9FD5-4DC4F221901D}.Release|x86.Build.0 = Release|Win32
		{39430202-9118-4A5D-8DDF-1E097C28BC92}.Debug|x64.ActiveCfg = Debug|x64
		{39430202-9118-4A5D-8DDF-1E097C28BC92}.Debug|x64.Build.0 = Debug|x64
		{39430202-9118-4A5D-8DDF-1E097C28BC92}.Debug|x86.ActiveCfg = Debug|Win32
		{39430202-9118-4A5D-8DDF-1E097C28BC92}.Debug|x86.Build.0 = Debug|Win32
		{39430202-9118-4A5D-8DDF-1E097C28BC92}.Release|x64.ActiveCfg = Release|x64
		{39430202-9118-4A5D-8DDF-1E097C28BC92}.Release|x64.Build.0 = Release|x64
		{39430202-9118-4A5D-8DDF-1E097C28BC92}.Release|x86.ActiveCfg = Release|Win32
		{39430202-9118-4A5D-8DDF-1E097C28BC92}.Release|x86.Build.0 = Release|Win32
		{08DAAA18-C0FD-44C5-A430-217BD319E36C}.Debug|x64.ActiveCfg = Debug|x64
		{08DAAA18-C0FD-44C5-A430-217BD319E36C}.Debug|x64.Build.0 = Debug|x64
		{08DAAA18-C0FD-44C5-A430-217BD319E36C}.Debug|x86.ActiveCfg = Debug|Win32
		{08DAAA18-C0FD-44C5-A430-217BD319E36C}.Debug|x86.Build.0 = Debug|Win32
		{08DAAA18-C0FD-44C5-A430-217BD319E36C}.Release|x64.ActiveCfg = Release|x64
		{08DAAA18-C0FD-44C5-A430-217BD319E36C}.Release|x64.Build.0 = Release|x64
		{08DAAA18-C0FD-44C5-A430-217BD319E36C}.Release|x86.ActiveCfg = Release|Win32
		{08DAAA18-C0FD-44C5-A430-217BD319E36C}.Release|x86.Build.0 = Release|Win32
		{A5A810BB-55E9-4597-9B9E-BF679D41FFEB}.Debug|x64.ActiveCfg = Debug|x64
		{A5A810BB-55E9-4597-9B9E-BF679D41FFEB}.Debug|x64.Build.0 = Debug|x64
		{A5A810BB-55E9-4597-9B9E-BF679D41FFEB}.Debug|x86.ActiveCfg = Debug|Win32
		{A5A810BB-55E9-4597-9B9E-BF679D41FFEB}.Debug|x86.Build.0 = Debug|Win32
		{A5A810BB-55E9-4597-9B9E-BF679D41FFEB}.Release|x64.ActiveCfg = Release|x64
		{A5A810BB-55E9-4597-9B9E-BF679D41FFEB}.Release|x64.Build.0 = Release|x64
		{A5A810BB-55E9-4597-9B9E-BF679D41FFEB}.Release|x86.ActiveCfg = Release|Win32
		{A5A810BB-55E9-4597-9B9E-BF679D41FFEB}.Release|x86.Build.0 = Release|Win32
	EndGlobalSection
	GlobalSection(SolutionProperties) = preSolution
		HideSolutionNode = FALSE
	EndGlobalSection
EndGlobal
